<?xml version="1.0" encoding="UTF-8" standalone="yes" ?>
<CodeBlocks_project_file>
	<FileVersion major="1" minor="6" />
	<Project>
		<Option title="GRBit" />
		<Option pch_mode="2" />
		<Option compiler="gcc" />
		<Build>
			<Target title="Debug Win32">
				<Option output="GRBit" prefix_auto="1" extension_auto="1" />
				<Option type="0" />
				<Option compiler="gcc" />
			</Target>
			<Target title="Debug x64">
				<Option output="GRBit" prefix_auto="1" extension_auto="1" />
				<Option type="0" />
				<Option compiler="gcc" />
				<Compiler>
					<Add option="-D_MBCS" />
					<Add option="-D_DEBUG" />
					<Add option="-DWIN32" />
					<Add option="-D_WINDOWS" />
					<Add option="-DNOMINMAX" />
					<Add option="-D_WIN32_WINNT=0x0501" />
					<Add option="-D_CRT_SECURE_NO_WARNINGS" />
					<Add option="-D_SCL_SECURE_NO_WARNINGS" />
					<Add option="-DBOOST_ALL_NO_LIB" />
					<Add option="-D_SECURE_SCL=0" />
					<Add option="-DGOP_GLOBAL_API_LOG=1" />
					<Add directory="../boost_1.55.x64" />
					<Add directory="../fc/include" />
					<Add directory="../leveldb/include" />
					<Add directory="../db/include" />
					<Add directory="../include" />
					<Add directory="./libraries/include" />
					<Add directory="../vendor/miniupnp" />
					<Add directory="./libraries/include/lua" />
				</Compiler>
				<Linker>
					<Add library="kernel32.lib" />
					<Add library="user32.lib" />
					<Add library="gdi32.lib" />
					<Add library="winspool.lib" />
					<Add library="comdlg32.lib" />
					<Add library="advapi32.lib" />
					<Add library="shell32.lib" />
					<Add library="ole32.lib" />
					<Add library="oleaut32.lib" />
					<Add library="uuid.lib" />
					<Add library="odbc32.lib" />
					<Add library="odbccp32.lib" />
					<Add library="leveldb.lib" />
					<Add library="fc_debug.lib" />
					<Add library="easylzma_static_debug.lib" />
					<Add library="udt_debug.lib" />
					<Add library="libboost_thread-vc120-mt-gd-1_55.lib" />
					<Add library="libboost_date_time-vc120-mt-gd-1_55.lib" />
					<Add library="libboost_system-vc120-mt-gd-1_55.lib" />
					<Add library="libboost_filesystem-vc120-mt-gd-1_55.lib" />
					<Add library="libboost_program_options-vc120-mt-gd-1_55.lib" />
					<Add library="libboost_signals-vc120-mt-gd-1_55.lib" />
					<Add library="libboost_serialization-vc120-mt-gd-1_55.lib" />
					<Add library="libboost_chrono-vc120-mt-gd-1_55.lib" />
					<Add library="libboost_unit_test_framework-vc120-mt-gd-1_55.lib" />
					<Add library="libboost_context-vc120-mt-gd-1_55.lib" />
					<Add library="libboost_locale-vc120-mt-gd-1_55.lib" />
					<Add library="libboost_iostreams-vc120-mt-gd-1_55.lib" />
					<Add library="libboost_coroutine-vc120-mt-gd-1_55.lib" />
					<Add library="ssleay32MDd.lib" />
					<Add library="libeay32MDd.lib" />
					<Add library="WS2_32.lib" />
					<Add library="Userenv.lib" />
					<Add library="Rpcrt4.lib" />
					<Add library="crypt32.lib" />
					<Add library="shlwapi.lib" />
					<Add library="miniupnpc.lib" />
					<Add library="IPHlpApi.Lib" />
					<Add library="secp256k1_debug.lib" />
					<Add directory="../boost_1.55.x64/stage/lib" />
					<Add directory="../libs_debug" />
					<Add directory="../OpenSSL.x64/lib" />
					<Add directory="../libs_win_x64" />
				</Linker>
			</Target>
			<Target title="Release x64">
				<Option output="GRBit" prefix_auto="1" extension_auto="1" />
				<Option type="0" />
				<Option compiler="gcc" />
				<Compiler>
					<Add option="-DWIN32" />
					<Add option="-DNDEBUGWIN32" />
					<Add option="-D_CONSOLE" />
					<Add option="-DNDEBUG" />
					<Add option="-DNOMINMAX" />
					<Add option="-D_WIN32_WINNT=0x0501" />
					<Add option="-D_CRT_SECURE_NO_WARNINGS" />
					<Add option="-D_SCL_SERCURE_NO_WARNINGS" />
					<Add option="-DBOOST_ALL_NO_LIB" />
					<Add option="-DCMAKE_INTDIR=Release" />
					<Add option="-DGOP_GLOBAL_API_LOG=1" />
					<Add directory="../boost_1.55.x64" />
					<Add directory="../fc/include" />
					<Add directory="../leveldb/include" />
					<Add directory="../db/include" />
					<Add directory="../include" />
					<Add directory="./libraries/include" />
					<Add directory="../vendor/miniupnp" />
					<Add directory="./libraries/include/lua" />
				</Compiler>
				<Linker>
					<Add library="kernel32.lib" />
					<Add library="user32.lib" />
					<Add library="gdi32.lib" />
					<Add library="winspool.lib" />
					<Add library="comdlg32.lib" />
					<Add library="advapi32.lib" />
					<Add library="shell32.lib" />
					<Add library="ole32.lib" />
					<Add library="oleaut32.lib" />
					<Add library="uuid.lib" />
					<Add library="odbc32.lib" />
					<Add library="odbccp32.lib" />
					<Add library="leveldb.lib" />
					<Add library="fc.lib" />
					<Add library="easylzma_static.lib" />
					<Add library="udt.lib" />
					<Add library="libboost_thread-vc120-mt-1_55.lib" />
					<Add library="libboost_date_time-vc120-mt-1_55.lib" />
					<Add library="libboost_system-vc120-mt-1_55.lib" />
					<Add library="libboost_filesystem-vc120-mt-1_55.lib" />
					<Add library="libboost_program_options-vc120-mt-1_55.lib" />
					<Add library="libboost_signals-vc120-mt-1_55.lib" />
					<Add library="libboost_serialization-vc120-mt-1_55.lib" />
					<Add library="libboost_chrono-vc120-mt-1_55.lib" />
					<Add library="libboost_unit_test_framework-vc120-mt-1_55.lib" />
					<Add library="libboost_context-vc120-mt-1_55.lib" />
					<Add library="libboost_locale-vc120-mt-1_55.lib" />
					<Add library="libboost_iostreams-vc120-mt-1_55.lib" />
					<Add library="libboost_coroutine-vc120-mt-1_55.lib" />
					<Add library="ssleay32MD.lib" />
					<Add library="libeay32MD.lib" />
					<Add library="WS2_32.lib" />
					<Add library="Userenv.lib" />
					<Add library="Rpcrt4.lib" />
					<Add library="crypt32.lib" />
					<Add library="shlwapi.lib" />
					<Add library="miniupnpc.lib" />
					<Add library="IPHlpApi.Lib" />
					<Add library="secp256k1.lib" />
					<Add directory="../boost_1.55.x64/stage/lib" />
					<Add directory="../libs_release_3" />
					<Add directory="../OpenSSL.x64/lib" />
					<Add directory="../libs_win_x64" />
				</Linker>
			</Target>
			<Target title="Release Win32">
				<Option output="GRBit" prefix_auto="1" extension_auto="1" />
				<Option type="0" />
				<Option compiler="gcc" />
			</Target>
		</Build>
		<Unit filename="libraries/api/ConversionFunctions.cpp" />
		<Unit filename="libraries/api/GlobalApiLogger.cpp" />
		<Unit filename="libraries/blockchain/AccountEntry.cpp" />
		<Unit filename="libraries/blockchain/AccountOperations.cpp" />
		<Unit filename="libraries/blockchain/Address.cpp" />
		<Unit filename="libraries/blockchain/Asset.cpp" />
		<Unit filename="libraries/blockchain/AssetEntry.cpp" />
		<Unit filename="libraries/blockchain/AssetOperations.cpp" />
		<Unit filename="libraries/blockchain/BalanceEntry.cpp" />
		<Unit filename="libraries/blockchain/BalanceOperations.cpp" />
		<Unit filename="libraries/blockchain/Block.cpp" />
		<Unit filename="libraries/blockchain/ChainDatabase.cpp" />
		<Unit filename="libraries/blockchain/ChainDatabaseV1.cpp" />
		<Unit filename="libraries/blockchain/ChainDatabaseV2.cpp" />
		<Unit filename="libraries/blockchain/ChainInterface.cpp" />
		<Unit filename="libraries/blockchain/ChainInterfaceV1.cpp" />
		<Unit filename="libraries/blockchain/ContractEntry.cpp" />
		<Unit filename="libraries/blockchain/ContractOperations.cpp" />
		<Unit filename="libraries/blockchain/EventOperations.cpp" />
		<Unit filename="libraries/blockchain/ExtendedAddress.cpp" />
		<Unit filename="libraries/blockchain/ForkBlocks.cpp" />
		<Unit filename="libraries/blockchain/GenesisJson.cpp" />
		<Unit filename="libraries/blockchain/ImessageOperations.cpp" />
		<Unit filename="libraries/blockchain/Operations.cpp" />
		<Unit filename="libraries/blockchain/PendingChainState.cpp" />
		<Unit filename="libraries/blockchain/PropertyEntry.cpp" />
		<Unit filename="libraries/blockchain/PtsAddress.cpp" />
		<Unit filename="libraries/blockchain/SlateEntry.cpp" />
		<Unit filename="libraries/blockchain/SlateOperations.cpp" />
		<Unit filename="libraries/blockchain/SlotEntry.cpp" />
		<Unit filename="libraries/blockchain/StorageOperations.cpp" />
		<Unit filename="libraries/blockchain/StorageTypes.cpp" />
		<Unit filename="libraries/blockchain/Time.cpp" />
		<Unit filename="libraries/blockchain/Transaction.cpp" />
		<Unit filename="libraries/blockchain/TransactionCreationState.cpp" />
		<Unit filename="libraries/blockchain/TransactionEntry.cpp" />
		<Unit filename="libraries/blockchain/TransactionEvaluationState.cpp" />
		<Unit filename="libraries/blockchain/TransactionOperations.cpp" />
		<Unit filename="libraries/blockchain/Types.cpp" />
		<Unit filename="libraries/blockchain/WithdrawTypes.cpp" />
		<Unit filename="libraries/blockchain/applink.c">
			<Option compilerVar="CC" />
		</Unit>
		<Unit filename="libraries/cli/Cli.cpp" />
		<Unit filename="libraries/cli/Pretty.cpp" />
		<Unit filename="libraries/cli/PrintResult.cpp" />
		<Unit filename="libraries/client/ApiLogger.cpp" />
		<Unit filename="libraries/client/BlockchainApi.cpp" />
		<Unit filename="libraries/client/Client.cpp" />
		<Unit filename="libraries/client/ContractApi.cpp" />
		<Unit filename="libraries/client/DebugApi.cpp" />
		<Unit filename="libraries/client/DelegateApi.cpp" />
		<Unit filename="libraries/client/GeneralApi.cpp" />
		<Unit filename="libraries/client/Messages.cpp" />
		<Unit filename="libraries/client/NetworkApi.cpp" />
		<Unit filename="libraries/client/Notifier.cpp" />
		<Unit filename="libraries/client/SandboxContractApi.cpp" />
		<Unit filename="libraries/client/ScriptApi.cpp" />
		<Unit filename="libraries/client/WalletApi.cpp" />
		<Unit filename="libraries/db/UpgradeLeveldb.cpp" />
		<Unit filename="libraries/include/api/ApiMetadata.hpp" />
		<Unit filename="libraries/include/api/CommonApi.hpp" />
		<Unit filename="libraries/include/api/ConversionFunctions.hpp" />
		<Unit filename="libraries/include/api/GlobalApiLogger.hpp" />
		<Unit filename="libraries/include/blockchain/AccountEntry.hpp" />
		<Unit filename="libraries/include/blockchain/AccountOperations.hpp" />
		<Unit filename="libraries/include/blockchain/Address.hpp" />
		<Unit filename="libraries/include/blockchain/Asset.hpp" />
		<Unit filename="libraries/include/blockchain/AssetEntry.hpp" />
		<Unit filename="libraries/include/blockchain/AssetOperations.hpp" />
		<Unit filename="libraries/include/blockchain/BalanceEntry.hpp" />
		<Unit filename="libraries/include/blockchain/BalanceOperations.hpp" />
		<Unit filename="libraries/include/blockchain/Block.hpp" />
		<Unit filename="libraries/include/blockchain/BlockEntry.hpp" />
		<Unit filename="libraries/include/blockchain/ChainDatabase.hpp" />
		<Unit filename="libraries/include/blockchain/ChainDatabaseImpl.hpp" />
		<Unit filename="libraries/include/blockchain/ChainInterface.hpp" />
		<Unit filename="libraries/include/blockchain/Checkpoints.hpp" />
		<Unit filename="libraries/include/blockchain/Condition.hpp" />
		<Unit filename="libraries/include/blockchain/Config.hpp" />
		<Unit filename="libraries/include/blockchain/ContractEntry.hpp" />
		<Unit filename="libraries/include/blockchain/ContractOperations.hpp" />
		<Unit filename="libraries/include/blockchain/DelegateConfig.hpp" />
		<Unit filename="libraries/include/blockchain/EventOperations.hpp" />
		<Unit filename="libraries/include/blockchain/Exceptions.hpp" />
		<Unit filename="libraries/include/blockchain/ExtendedAddress.hpp" />
		<Unit filename="libraries/include/blockchain/ForkBlocks.hpp" />
		<Unit filename="libraries/include/blockchain/GenesisJson.hpp" />
		<Unit filename="libraries/include/blockchain/GenesisState.hpp" />
		<Unit filename="libraries/include/blockchain/ImessageOperations.hpp" />
		<Unit filename="libraries/include/blockchain/OperationFactory.hpp" />
		<Unit filename="libraries/include/blockchain/Operations.hpp" />
		<Unit filename="libraries/include/blockchain/PendingChainState.hpp" />
		<Unit filename="libraries/include/blockchain/PropertyEntry.hpp" />
		<Unit filename="libraries/include/blockchain/PtsAddress.hpp" />
		<Unit filename="libraries/include/blockchain/SlateEntry.hpp" />
		<Unit filename="libraries/include/blockchain/SlateOperations.hpp" />
		<Unit filename="libraries/include/blockchain/SlotEntry.hpp" />
		<Unit filename="libraries/include/blockchain/Time.hpp" />
		<Unit filename="libraries/include/blockchain/Transaction.hpp" />
		<Unit filename="libraries/include/blockchain/TransactionCreationState.hpp" />
		<Unit filename="libraries/include/blockchain/TransactionEntry.hpp" />
		<Unit filename="libraries/include/blockchain/TransactionEvaluationState.hpp" />
		<Unit filename="libraries/include/blockchain/TransactionOperations.hpp" />
		<Unit filename="libraries/include/blockchain/Types.hpp" />
		<Unit filename="libraries/include/blockchain/WithdrawTypes.hpp" />
		<Unit filename="libraries/include/cli/Cli.hpp" />
		<Unit filename="libraries/include/cli/Pretty.hpp" />
		<Unit filename="libraries/include/cli/PrintResult.hpp" />
		<Unit filename="libraries/include/client/ApiLogger.hpp" />
		<Unit filename="libraries/include/client/Client.hpp" />
		<Unit filename="libraries/include/client/ClientImpl.hpp" />
		<Unit filename="libraries/include/client/Messages.hpp" />
		<Unit filename="libraries/include/client/Notifier.hpp" />
		<Unit filename="libraries/include/client/SeedNodes.hpp" />
		<Unit filename="libraries/include/db/CachedLevelMap.hpp" />
		<Unit filename="libraries/include/db/Exception.hpp" />
		<Unit filename="libraries/include/db/FastLevelMap.hpp" />
		<Unit filename="libraries/include/db/FsHashMap.hpp" />
		<Unit filename="libraries/include/db/Fwd.hpp" />
		<Unit filename="libraries/include/db/LevelMap.hpp" />
		<Unit filename="libraries/include/db/LevelPodMap.hpp" />
		<Unit filename="libraries/include/db/UpgradeLeveldb.hpp" />
		<Unit filename="libraries/include/lua/goopal_ltests.h" />
		<Unit filename="libraries/include/lua/goopal_lua_api.h" />
		<Unit filename="libraries/include/lua/goopal_lua_lib.h" />
		<Unit filename="libraries/include/lua/goopal_lua_parser.h" />
		<Unit filename="libraries/include/lua/goopal_lutil.h" />
		<Unit filename="libraries/include/lua/lapi.h" />
		<Unit filename="libraries/include/lua/lauxlib.h" />
		<Unit filename="libraries/include/lua/lcode.h" />
		<Unit filename="libraries/include/lua/lcompile.h" />
		<Unit filename="libraries/include/lua/lctype.h" />
		<Unit filename="libraries/include/lua/ldebug.h" />
		<Unit filename="libraries/include/lua/ldo.h" />
		<Unit filename="libraries/include/lua/lfunc.h" />
		<Unit filename="libraries/include/lua/lgc.h" />
		<Unit filename="libraries/include/lua/lhashmap.h" />
		<Unit filename="libraries/include/lua/llex.h" />
		<Unit filename="libraries/include/lua/llimits.h" />
		<Unit filename="libraries/include/lua/lmem.h" />
		<Unit filename="libraries/include/lua/lobject.h" />
		<Unit filename="libraries/include/lua/lopcodes.h" />
		<Unit filename="libraries/include/lua/lparser.h" />
		<Unit filename="libraries/include/lua/lparsercombinator.h" />
		<Unit filename="libraries/include/lua/lprefix.h" />
		<Unit filename="libraries/include/lua/lrepl.h" />
		<Unit filename="libraries/include/lua/lstate.h" />
		<Unit filename="libraries/include/lua/lstring.h" />
		<Unit filename="libraries/include/lua/ltable.h" />
		<Unit filename="libraries/include/lua/ltm.h" />
		<Unit filename="libraries/include/lua/ltypechecker.h" />
		<Unit filename="libraries/include/lua/lua.h" />
		<Unit filename="libraries/include/lua/lua.hpp" />
		<Unit filename="libraries/include/lua/lua_astparser.h" />
		<Unit filename="libraries/include/lua/lua_loader.h" />
		<Unit filename="libraries/include/lua/lua_tokenparser.h" />
		<Unit filename="libraries/include/lua/luaconf.h" />
		<Unit filename="libraries/include/lua/lualib.h" />
		<Unit filename="libraries/include/lua/lundump.h" />
		<Unit filename="libraries/include/lua/lvm.h" />
		<Unit filename="libraries/include/lua/lzio.h" />
		<Unit filename="libraries/include/net/ChainConnection.hpp" />
		<Unit filename="libraries/include/net/ChainDownloader.hpp" />
		<Unit filename="libraries/include/net/ChainMessages.hpp" />
		<Unit filename="libraries/include/net/ChainServer.hpp" />
		<Unit filename="libraries/include/net/ChainServerCommands.hpp" />
		<Unit filename="libraries/include/net/Config.hpp" />
		<Unit filename="libraries/include/net/Connection.hpp" />
		<Unit filename="libraries/include/net/CoreMessages.hpp" />
		<Unit filename="libraries/include/net/Exceptions.hpp" />
		<Unit filename="libraries/include/net/Message.hpp" />
		<Unit filename="libraries/include/net/MessageOrientedConnection.hpp" />
		<Unit filename="libraries/include/net/Node.hpp" />
		<Unit filename="libraries/include/net/PeerConnection.hpp" />
		<Unit filename="libraries/include/net/PeerDatabase.hpp" />
		<Unit filename="libraries/include/net/StcpSocket.hpp" />
		<Unit filename="libraries/include/net/Upnp.hpp" />
		<Unit filename="libraries/include/rpc/Exceptions.hpp" />
		<Unit filename="libraries/include/rpc/RpcClient.hpp" />
		<Unit filename="libraries/include/rpc/RpcClientApi.hpp" />
		<Unit filename="libraries/include/rpc/RpcServer.hpp" />
		<Unit filename="libraries/include/rpc_stubs/CommonApiClient.hpp" />
		<Unit filename="libraries/include/rpc_stubs/CommonApiRpcClient.hpp" />
		<Unit filename="libraries/include/rpc_stubs/CommonApiRpcServer.hpp" />
		<Unit filename="libraries/include/rpc_stubs/common_api_overrides.ipp" />
		<Unit filename="libraries/include/utilities/GitRevision.hpp" />
		<Unit filename="libraries/include/utilities/KeyConversion.hpp" />
		<Unit filename="libraries/include/utilities/PaddingOstream.hpp" />
		<Unit filename="libraries/include/utilities/StringEscape.hpp" />
		<Unit filename="libraries/include/utilities/Words.hpp" />
		<Unit filename="libraries/include/wallet/Config.hpp" />
		<Unit filename="libraries/include/wallet/Exceptions.hpp" />
		<Unit filename="libraries/include/wallet/Pretty.hpp" />
		<Unit filename="libraries/include/wallet/TransactionBuilder.hpp" />
		<Unit filename="libraries/include/wallet/Url.hpp" />
		<Unit filename="libraries/include/wallet/Wallet.hpp" />
		<Unit filename="libraries/include/wallet/WalletDb.hpp" />
		<Unit filename="libraries/include/wallet/WalletEntrys.hpp" />
		<Unit filename="libraries/include/wallet/WalletImpl.hpp" />
		<Unit filename="libraries/lua/goopal_ltests.cpp" />
		<Unit filename="libraries/lua/goopal_lua_api.cpp" />
		<Unit filename="libraries/lua/goopal_lua_lib.cpp" />
		<Unit filename="libraries/lua/goopal_lutil.cpp" />
		<Unit filename="libraries/lua/lapi.cpp" />
		<Unit filename="libraries/lua/lauxlib.cpp" />
		<Unit filename="libraries/lua/lbaselib.cpp" />
		<Unit filename="libraries/lua/lbitlib.cpp" />
		<Unit filename="libraries/lua/lcode.cpp" />
		<Unit filename="libraries/lua/lcompile.cpp" />
		<Unit filename="libraries/lua/lcorolib.cpp" />
		<Unit filename="libraries/lua/lctype.cpp" />
		<Unit filename="libraries/lua/ldblib.cpp" />
		<Unit filename="libraries/lua/ldebug.cpp" />
		<Unit filename="libraries/lua/ldo.cpp" />
		<Unit filename="libraries/lua/ldump.cpp" />
		<Unit filename="libraries/lua/lfunc.cpp" />
		<Unit filename="libraries/lua/lgc.cpp" />
		<Unit filename="libraries/lua/lgoopallib.cpp" />
		<Unit filename="libraries/lua/lhashmap.cpp" />
		<Unit filename="libraries/lua/linit.cpp" />
		<Unit filename="libraries/lua/liolib.cpp" />
		<Unit filename="libraries/lua/ljsonlib.cpp" />
		<Unit filename="libraries/lua/llex.cpp" />
		<Unit filename="libraries/lua/lmath2lib.cpp" />
		<Unit filename="libraries/lua/lmathlib.cpp" />
		<Unit filename="libraries/lua/lmem.cpp" />
		<Unit filename="libraries/lua/loadlib.cpp" />
		<Unit filename="libraries/lua/lobject.cpp" />
		<Unit filename="libraries/lua/lopcodes.cpp" />
		<Unit filename="libraries/lua/loslib.cpp" />
		<Unit filename="libraries/lua/lparser.cpp" />
		<Unit filename="libraries/lua/lparsercombinator.cpp" />
		<Unit filename="libraries/lua/lprefix.cpp" />
		<Unit filename="libraries/lua/lrepl.cpp" />
		<Unit filename="libraries/lua/lstate.cpp" />
		<Unit filename="libraries/lua/lstring.cpp" />
		<Unit filename="libraries/lua/lstrlib.cpp" />
		<Unit filename="libraries/lua/ltable.cpp" />
		<Unit filename="libraries/lua/ltablib.cpp" />
		<Unit filename="libraries/lua/ltimelib.cpp" />
		<Unit filename="libraries/lua/ltm.cpp" />
		<Unit filename="libraries/lua/ltypechecker.cpp" />
		<Unit filename="libraries/lua/lua.cpp" />
		<Unit filename="libraries/lua/lua_astparser.cpp" />
		<Unit filename="libraries/lua/lua_loader.cpp" />
		<Unit filename="libraries/lua/lua_loader.h" />
		<Unit filename="libraries/lua/lua_state_scope.cpp" />
		<Unit filename="libraries/lua/lua_tokenparser.cpp" />
		<Unit filename="libraries/lua/luac.cpp" />
		<Unit filename="libraries/lua/lundump.cpp" />
		<Unit filename="libraries/lua/lutf8lib.cpp" />
		<Unit filename="libraries/lua/lvm.cpp" />
		<Unit filename="libraries/lua/lzio.cpp" />
		<Unit filename="libraries/net/ChainDownloader.cpp" />
		<Unit filename="libraries/net/ChainServer.cpp" />
		<Unit filename="libraries/net/CoreMessages.cpp" />
		<Unit filename="libraries/net/MessageOrientedConnection.cpp" />
		<Unit filename="libraries/net/Node.cpp" />
		<Unit filename="libraries/net/PeerConnection.cpp" />
		<Unit filename="libraries/net/PeerDatabase.cpp" />
		<Unit filename="libraries/net/StcpSocket.cpp" />
		<Unit filename="libraries/net/Upnp.cpp" />
		<Unit filename="libraries/rpc/RpcClient.cpp" />
		<Unit filename="libraries/rpc/RpcServer.cpp" />
		<Unit filename="libraries/rpc_stubs/CommonApiClient.cpp" />
		<Unit filename="libraries/rpc_stubs/CommonApiRpcClient.cpp" />
		<Unit filename="libraries/rpc_stubs/CommonApiRpcServer.cpp" />
		<Unit filename="libraries/utilities/GitRevision.cpp" />
		<Unit filename="libraries/utilities/KeyConversion.cpp" />
		<Unit filename="libraries/utilities/StringEscape.cpp" />
		<Unit filename="libraries/utilities/Words.cpp" />
		<Unit filename="libraries/wallet/Login.cpp" />
		<Unit filename="libraries/wallet/TransactionBuilder.cpp" />
		<Unit filename="libraries/wallet/TransactionLedger.cpp" />
		<Unit filename="libraries/wallet/TransactionLedgerExperimental.cpp" />
		<Unit filename="libraries/wallet/Wallet.cpp" />
		<Unit filename="libraries/wallet/WalletDb.cpp" />
		<Unit filename="libraries/wallet/WalletEntrys.cpp" />
		<Unit filename="main.cpp" />
		<Extensions>
			<code_completion />
			<envvars />
			<debugger />
			<lib_finder disable_auto="1" />
		</Extensions>
	</Project>
</CodeBlocks_project_file>
